// !$*UTF8*$!
{
	archiveVersion = 1;
	classes = {
	};
	objectVersion = 77;
	objects = {

/* Begin PBXBuildFile section */
		397CC8FC778D5C5BC1010EF9 /* SuperUsageMacSigningBootstrapApp.swift in Sources */ = {isa = PBXBuildFile; fileRef = 5FBCC938BC99B7966F8EB7D2 /* SuperUsageMacSigningBootstrapApp.swift */; };
/* End PBXBuildFile section */

/* Begin PBXFileReference section */
		5FBCC938BC99B7966F8EB7D2 /* SuperUsageMacSigningBootstrapApp.swift */ = {isa = PBXFileReference; lastKnownFileType = sourcecode.swift; path = SuperUsageMacSigningBootstrapApp.swift; sourceTree = "<group>"; };
		8A1CB00E352D2306F41546E6 /* SuperUsageMacSigningBootstrap.app */ = {isa = PBXFileReference; explicitFileType = wrapper.application; includeInIndex = 0; path = SuperUsageMacSigningBootstrap.app; sourceTree = BUILT_PRODUCTS_DIR; };
/* End PBXFileReference section */

/* Begin PBXGroup section */
		66EAB7E2B57B69A96BD5866D /* Products */ = {
			isa = PBXGroup;
			children = (
				8A1CB00E352D2306F41546E6 /* SuperUsageMacSigningBootstrap.app */,
			);
			name = Products;
			sourceTree = "<group>";
		};
		B5513EEE4C1938B72BAD5EB8 = {
			isa = PBXGroup;
			children = (
				F47C026B9DAD397C2AB6E2FE /* Sources */,
				66EAB7E2B57B69A96BD5866D /* Products */,
			);
			sourceTree = "<group>";
		};
		F47C026B9DAD397C2AB6E2FE /* Sources */ = {
			isa = PBXGroup;
			children = (
				5FBCC938BC99B7966F8EB7D2 /* SuperUsageMacSigningBootstrapApp.swift */,
			);
			path = Sources;
			sourceTree = "<group>";
		};
/* End PBXGroup section */

/* Begin PBXNativeTarget section */
		28F6F013956BD60EC8F56286 /* SuperUsageMacSigningBootstrap */ = {
			isa = PBXNativeTarget;
			buildConfigurationList = CF7F44506222FEEAB92ACF4C /* Build configuration list for PBXNativeTarget "SuperUsageMacSigningBootstrap" */;
			buildPhases = (
				880FBD264CE1F371D2DE853D /* Sources */,
			);
			buildRules = (
			);
			dependencies = (
			);
			name = SuperUsageMacSigningBootstrap;
			packageProductDependencies = (
			);
			productName = SuperUsageMacSigningBootstrap;
			productReference = 8A1CB00E352D2306F41546E6 /* SuperUsageMacSigningBootstrap.app */;
			productType = "com.apple.product-type.application";
		};
/* End PBXNativeTarget section */

/* Begin PBXProject section */
		39EBA703EAA7F478AF7A177C /* Project object */ = {
			isa = PBXProject;
			attributes = {
				BuildIndependentTargetsInParallel = YES;
				LastUpgradeCheck = 1430;
				TargetAttributes = {
					28F6F013956BD60EC8F56286 = {
						DevelopmentTeam = C554753V8P;
						ProvisioningStyle = Automatic;
					};
				};
			};
			buildConfigurationList = 01BE4F16BF226659A8C7E9E7 /* Build configuration list for PBXProject "SuperUsageMacSigningBootstrap" */;
			compatibilityVersion = "Xcode 14.0";
			developmentRegion = en;
			hasScannedForEncodings = 0;
			knownRegions = (
				Base,
				en,
			);
			mainGroup = B5513EEE4C1938B72BAD5EB8;
			minimizedProjectReferenceProxies = 1;
			preferredProjectObjectVersion = 77;
			projectDirPath = "";
			projectRoot = "";
			targets = (
				28F6F013956BD60EC8F56286 /* SuperUsageMacSigningBootstrap */,
			);
		};
/* End PBXProject section */

/* Begin PBXSourcesBuildPhase section */
		880FBD264CE1F371D2DE853D /* Sources */ = {
			isa = PBXSourcesBuildPhase;
			buildActionMask = 2147483647;
			files = (
				397CC8FC778D5C5BC1010EF9 /* SuperUsageMacSigningBootstrapApp.swift in Sources */,
			);
			runOnlyForDeploymentPostprocessing = 0;
		};
/* End PBXSourcesBuildPhase section */

/* Begin XCBuildConfiguration section */
		7A1DA6AA9EC4FA7E92C3AD3A /* Debug */ = {
			isa = XCBuildConfiguration;
			buildSettings = {
				ALWAYS_SEARCH_USER_PATHS = NO;
				CLANG_ANALYZER_NONNULL = YES;
				CLANG_ANALYZER_NUMBER_OBJECT_CONVERSION = YES_AGGRESSIVE;
				CLANG_CXX_LANGUAGE_STANDARD = "gnu++14";
				CLANG_CXX_LIBRARY = "libc++";
				CLANG_ENABLE_MODULES = YES;
				CLANG_ENABLE_OBJC_ARC = YES;
				CLANG_ENABLE_OBJC_WEAK = YES;
				CLANG_WARN_BLOCK_CAPTURE_AUTORELEASING = YES;
				CLANG_WARN_BOOL_CONVERSION = YES;
				CLANG_WARN_COMMA = YES;
				CLANG_WARN_CONSTANT_CONVERSION = YES;
				CLANG_WARN_DEPRECATED_OBJC_IMPLEMENTATIONS = YES;
				CLANG_WARN_DIRECT_OBJC_ISA_USAGE = YES_ERROR;
				CLANG_WARN_DOCUMENTATION_COMMENTS = YES;
				CLANG_WARN_EMPTY_BODY = YES;
				CLANG_WARN_ENUM_CONVERSION = YES;
				CLANG_WARN_INFINITE_RECURSION = YES;
				CLANG_WARN_INT_CONVERSION = YES;
				CLANG_WARN_NON_LITERAL_NULL_CONVERSION = YES;
				CLANG_WARN_OBJC_IMPLICIT_RETAIN_SELF = YES;
				CLANG_WARN_OBJC_LITERAL_CONVERSION = YES;
				CLANG_WARN_OBJC_ROOT_CLASS = YES_ERROR;
				CLANG_WARN_QUOTED_INCLUDE_IN_FRAMEWORK_HEADER = YES;
				CLANG_WARN_RANGE_LOOP_ANALYSIS = YES;
				CLANG_WARN_STRICT_PROTOTYPES = YES;
				CLANG_WARN_SUSPICIOUS_MOVE = YES;
				CLANG_WARN_UNGUARDED_AVAILABILITY = YES_AGGRESSIVE;
				CLANG_WARN_UNREACHABLE_CODE = YES;
				CLANG_WARN__DUPLICATE_METHOD_MATCH = YES;
				CODE_SIGN_STYLE = Automatic;
				COPY_PHASE_STRIP = NO;
				DEBUG_INFORMATION_FORMAT = dwarf;
				DEVELOPMENT_TEAM = C554753V8P;
				ENABLE_STRICT_OBJC_MSGSEND = YES;
				ENABLE_TESTABILITY = YES;
				GCC_C_LANGUAGE_STANDARD = gnu11;
				GCC_DYNAMIC_NO_PIC = NO;
				GCC_NO_COMMON_BLOCKS = YES;
				GCC_OPTIMIZATION_LEVEL = 0;
				GCC_PREPROCESSOR_DEFINITIONS = (
					"$(inherited)",
					"DEBUG=1",
				);
				GCC_WARN_64_TO_32_BIT_CONVERSION = YES;
				GCC_WARN_ABOUT_RETURN_TYPE = YES_ERROR;
				GCC_WARN_UNDECLARED_SELECTOR = YES;
				GCC_WARN_UNINITIALIZED_AUTOS = YES_AGGRESSIVE;
				GCC_WARN_UNUSED_FUNCTION = YES;
				GCC_WARN_UNUSED_VARIABLE = YES;
				MACOSX_DEPLOYMENT_TARGET = 15.0;
				MTL_ENABLE_DEBUG_INFO = INCLUDE_SOURCE;
				MTL_FAST_MATH = YES;
				ONLY_ACTIVE_ARCH = YES;
				PRODUCT_NAME = "$(TARGET_NAME)";
				SDKROOT = macosx;
				SWIFT_ACTIVE_COMPILATION_CONDITIONS = DEBUG;
				SWIFT_OPTIMIZATION_LEVEL = "-Onone";
				SWIFT_VERSION = 6.0;
			};
			name = Debug;
		};
		AB8F72982EF1DC16A0928F3B /* Debug */ = {
			isa = XCBuildConfiguration;
			buildSettings = {
				ASSETCATALOG_COMPILER_APPICON_NAME = AppIcon;
				CODE_SIGN_ENTITLEMENTS = SuperUsageMacSigningBootstrap.entitlements;
				COMBINE_HIDPI_IMAGES = YES;
				INFOPLIST_FILE = Info.plist;
				LD_RUNPATH_SEARCH_PATHS = (
					"$(inherited)",
					"@executable_path/../Frameworks",
				);
				PRODUCT_BUNDLE_IDENTIFIER = com.weisenjoytech.superusage;
				PRODUCT_NAME = SuperUsageMacSigningBootstrap;
				SDKROOT = macosx;
			};
			name = Debug;
		};
/* End XCBuildConfiguration section */

/* Begin XCConfigurationList section */
		01BE4F16BF226659A8C7E9E7 /* Build configuration list for PBXProject "SuperUsageMacSigningBootstrap" */ = {
			isa = XCConfigurationList;
			buildConfigurations = (
				7A1DA6AA9EC4FA7E92C3AD3A /* Debug */,
			);
			defaultConfigurationIsVisible = 0;
			defaultConfigurationName = Debug;
		};
		CF7F44506222FEEAB92ACF4C /* Build configuration list for PBXNativeTarget "SuperUsageMacSigningBootstrap" */ = {
			isa = XCConfigurationList;
			buildConfigurations = (
				AB8F72982EF1DC16A0928F3B /* Debug */,
			);
			defaultConfigurationIsVisible = 0;
			defaultConfigurationName = Debug;
		};
/* End XCConfigurationList section */
	};
	rootObject = 39EBA703EAA7F478AF7A177C /* Project object */;
}
